// !$*UTF8*$!
{
	archiveVersion = 1;
	classes = {
	};
	objectVersion = 46;
	objects = {

/* Begin PBXBuildFile section */
		0517707E1F453D91002060C9 /* FilterItemView.m in Sources */ = {isa = PBXBuildFile; fileRef = 051770791F453D91002060C9 /* FilterItemView.m */; };
		0517707F1F453D91002060C9 /* FilterView.m in Sources */ = {isa = PBXBuildFile; fileRef = 0517707B1F453D91002060C9 /* FilterView.m */; };
		051770801F453D91002060C9 /* StickerScrollView.m in Sources */ = {isa = PBXBuildFile; fileRef = 0517707D1F453D91002060C9 /* StickerScrollView.m */; };
		051770831F453DBA002060C9 /* LiveStreamingViewController.m in Sources */ = {isa = PBXBuildFile; fileRef = 051770821F453DBA002060C9 /* LiveStreamingViewController.m */; };
		051770861F453DCF002060C9 /* AppDelegate.m in Sources */ = {isa = PBXBuildFile; fileRef = 051770851F453DCF002060C9 /* AppDelegate.m */; };
		0517708C1F453E11002060C9 /* KSYTuGPUStreamerKit.m in Sources */ = {isa = PBXBuildFile; fileRef = 051770891F453E11002060C9 /* KSYTuGPUStreamerKit.m */; };
		0517708D1F453E11002060C9 /* KSYTuVCapture.m in Sources */ = {isa = PBXBuildFile; fileRef = 0517708B1F453E11002060C9 /* KSYTuVCapture.m */; };
		051770DA1F453F86002060C9 /* icon_beauty_off@2x.png in Resources */ = {isa = PBXBuildFile; fileRef = 051770901F453F85002060C9 /* icon_beauty_off@2x.png */; };
		051770DB1F453F86002060C9 /* icon_beauty_off@3x.png in Resources */ = {isa = PBXBuildFile; fileRef = 051770911F453F85002060C9 /* icon_beauty_off@3x.png */; };
		051770DC1F453F86002060C9 /* icon_beauty_on@2x.png in Resources */ = {isa = PBXBuildFile; fileRef = 051770921F453F85002060C9 /* icon_beauty_on@2x.png */; };
		051770DD1F453F86002060C9 /* icon_beauty_on@3x.png in Resources */ = {isa = PBXBuildFile; fileRef = 051770931F453F85002060C9 /* icon_beauty_on@3x.png */; };
		051770DE1F453F86002060C9 /* icon_camera_flip@2x.png in Resources */ = {isa = PBXBuildFile; fileRef = 051770941F453F85002060C9 /* icon_camera_flip@2x.png */; };
		051770DF1F453F86002060C9 /* icon_camera_flip@3x.png in Resources */ = {isa = PBXBuildFile; fileRef = 051770951F453F85002060C9 /* icon_camera_flip@3x.png */; };
		051770E01F453F86002060C9 /* icon_closed@2x.png in Resources */ = {isa = PBXBuildFile; fileRef = 051770961F453F85002060C9 /* icon_closed@2x.png */; };
		051770E11F453F86002060C9 /* icon_closed@3x.png in Resources */ = {isa = PBXBuildFile; fileRef = 051770971F453F85002060C9 /* icon_closed@3x.png */; };
		051770E21F453F86002060C9 /* icon_filter_config@2x.png in Resources */ = {isa = PBXBuildFile; fileRef = 051770981F453F85002060C9 /* icon_filter_config@2x.png */; };
		051770E31F453F86002060C9 /* icon_filter_config@3x.png in Resources */ = {isa = PBXBuildFile; fileRef = 051770991F453F85002060C9 /* icon_filter_config@3x.png */; };
		051770E41F453F86002060C9 /* icon_flash_auto@2x.png in Resources */ = {isa = PBXBuildFile; fileRef = 0517709A1F453F85002060C9 /* icon_flash_auto@2x.png */; };
		051770E51F453F86002060C9 /* icon_flash_auto@3x.png in Resources */ = {isa = PBXBuildFile; fileRef = 0517709B1F453F85002060C9 /* icon_flash_auto@3x.png */; };
		051770E61F453F86002060C9 /* icon_flash_off@2x.png in Resources */ = {isa = PBXBuildFile; fileRef = 0517709C1F453F85002060C9 /* icon_flash_off@2x.png */; };
		051770E71F453F86002060C9 /* icon_flash_off@3x.png in Resources */ = {isa = PBXBuildFile; fileRef = 0517709D1F453F85002060C9 /* icon_flash_off@3x.png */; };
		051770E81F453F86002060C9 /* icon_flash_on@2x.png in Resources */ = {isa = PBXBuildFile; fileRef = 0517709E1F453F85002060C9 /* icon_flash_on@2x.png */; };
		051770E91F453F86002060C9 /* icon_flash_on@3x.png in Resources */ = {isa = PBXBuildFile; fileRef = 0517709F1F453F85002060C9 /* icon_flash_on@3x.png */; };
		051770EA1F453F86002060C9 /* icon_pause@2x.png in Resources */ = {isa = PBXBuildFile; fileRef = 051770A01F453F85002060C9 /* icon_pause@2x.png */; };
		051770EB1F453F86002060C9 /* icon_pause@3x.png in Resources */ = {isa = PBXBuildFile; fileRef = 051770A11F453F85002060C9 /* icon_pause@3x.png */; };
		051770EC1F453F86002060C9 /* icon_play@2x.png in Resources */ = {isa = PBXBuildFile; fileRef = 051770A21F453F85002060C9 /* icon_play@2x.png */; };
		051770ED1F453F86002060C9 /* icon_play@3x.png in Resources */ = {isa = PBXBuildFile; fileRef = 051770A31F453F85002060C9 /* icon_play@3x.png */; };
		051770EE1F453F86002060C9 /* icon_setting@2x.png in Resources */ = {isa = PBXBuildFile; fileRef = 051770A41F453F85002060C9 /* icon_setting@2x.png */; };
		051770EF1F453F86002060C9 /* icon_setting@3x.png in Resources */ = {isa = PBXBuildFile; fileRef = 051770A51F453F85002060C9 /* icon_setting@3x.png */; };
		051770F01F453F86002060C9 /* icon_show@2x.png in Resources */ = {isa = PBXBuildFile; fileRef = 051770A61F453F85002060C9 /* icon_show@2x.png */; };
		051770F11F453F86002060C9 /* icon_show@3x.png in Resources */ = {isa = PBXBuildFile; fileRef = 051770A71F453F85002060C9 /* icon_show@3x.png */; };
		051770F21F453F86002060C9 /* icon_stream@2x.png in Resources */ = {isa = PBXBuildFile; fileRef = 051770A81F453F85002060C9 /* icon_stream@2x.png */; };
		051770F31F453F86002060C9 /* icon_stream@3x.png in Resources */ = {isa = PBXBuildFile; fileRef = 051770A91F453F85002060C9 /* icon_stream@3x.png */; };
		051770F41F453F86002060C9 /* icon_volume_off@2x.png in Resources */ = {isa = PBXBuildFile; fileRef = 051770AA1F453F85002060C9 /* icon_volume_off@2x.png */; };
		051770F51F453F86002060C9 /* icon_volume_off@3x.png in Resources */ = {isa = PBXBuildFile; fileRef = 051770AB1F453F85002060C9 /* icon_volume_off@3x.png */; };
		051770F61F453F86002060C9 /* icon_volume_on@2x.png in Resources */ = {isa = PBXBuildFile; fileRef = 051770AC1F453F85002060C9 /* icon_volume_on@2x.png */; };
		051770F71F453F86002060C9 /* icon_volume_on@3x.png in Resources */ = {isa = PBXBuildFile; fileRef = 051770AD1F453F85002060C9 /* icon_volume_on@3x.png */; };
		051770F81F453F86002060C9 /* lsq_filter_thumb_Brilliantly.jpg in Resources */ = {isa = PBXBuildFile; fileRef = 051770AE1F453F85002060C9 /* lsq_filter_thumb_Brilliantly.jpg */; };
		051770F91F453F86002060C9 /* lsq_filter_thumb_Coral.jpg in Resources */ = {isa = PBXBuildFile; fileRef = 051770AF1F453F85002060C9 /* lsq_filter_thumb_Coral.jpg */; };
		051770FA1F453F86002060C9 /* lsq_filter_thumb_Fair.jpg in Resources */ = {isa = PBXBuildFile; fileRef = 051770B01F453F85002060C9 /* lsq_filter_thumb_Fair.jpg */; };
		051770FB1F453F86002060C9 /* lsq_filter_thumb_Honey.jpg in Resources */ = {isa = PBXBuildFile; fileRef = 051770B11F453F85002060C9 /* lsq_filter_thumb_Honey.jpg */; };
		051770FC1F453F86002060C9 /* lsq_filter_thumb_Mint.jpg in Resources */ = {isa = PBXBuildFile; fileRef = 051770B21F453F85002060C9 /* lsq_filter_thumb_Mint.jpg */; };
		051770FD1F453F86002060C9 /* lsq_filter_thumb_Movie.jpg in Resources */ = {isa = PBXBuildFile; fileRef = 051770B31F453F85002060C9 /* lsq_filter_thumb_Movie.jpg */; };
		051770FE1F453F86002060C9 /* lsq_filter_thumb_Naturally.jpg in Resources */ = {isa = PBXBuildFile; fileRef = 051770B41F453F85002060C9 /* lsq_filter_thumb_Naturally.jpg */; };
		051770FF1F453F86002060C9 /* lsq_filter_thumb_Normal.jpg in Resources */ = {isa = PBXBuildFile; fileRef = 051770B51F453F85002060C9 /* lsq_filter_thumb_Normal.jpg */; };
		051771001F453F86002060C9 /* lsq_filter_thumb_Paul.jpg in Resources */ = {isa = PBXBuildFile; fileRef = 051770B61F453F85002060C9 /* lsq_filter_thumb_Paul.jpg */; };
		051771011F453F86002060C9 /* lsq_filter_thumb_Pink.jpg in Resources */ = {isa = PBXBuildFile; fileRef = 051770B71F453F85002060C9 /* lsq_filter_thumb_Pink.jpg */; };
		051771021F453F86002060C9 /* lsq_filter_thumb_Vivid.jpg in Resources */ = {isa = PBXBuildFile; fileRef = 051770B81F453F85002060C9 /* lsq_filter_thumb_Vivid.jpg */; };
		051771031F453F86002060C9 /* video_style_default_btn_close@2x.png in Resources */ = {isa = PBXBuildFile; fileRef = 051770B91F453F85002060C9 /* video_style_default_btn_close@2x.png */; };
		051771041F453F86002060C9 /* video_style_default_btn_close@3x.png in Resources */ = {isa = PBXBuildFile; fileRef = 051770BA1F453F85002060C9 /* video_style_default_btn_close@3x.png */; };
		051771051F453F86002060C9 /* video_style_default_btn_filter@2x.png in Resources */ = {isa = PBXBuildFile; fileRef = 051770BB1F453F85002060C9 /* video_style_default_btn_filter@2x.png */; };
		051771061F453F86002060C9 /* video_style_default_btn_filter@3x.png in Resources */ = {isa = PBXBuildFile; fileRef = 051770BC1F453F85002060C9 /* video_style_default_btn_filter@3x.png */; };
		051771071F453F86002060C9 /* video_style_default_btn_flash_off@2x.png in Resources */ = {isa = PBXBuildFile; fileRef = 051770BD1F453F85002060C9 /* video_style_default_btn_flash_off@2x.png */; };
		051771081F453F86002060C9 /* video_style_default_btn_flash_off@3x.png in Resources */ = {isa = PBXBuildFile; fileRef = 051770BE1F453F85002060C9 /* video_style_default_btn_flash_off@3x.png */; };
		051771091F453F86002060C9 /* video_style_default_btn_flash_on@2x.png in Resources */ = {isa = PBXBuildFile; fileRef = 051770BF1F453F85002060C9 /* video_style_default_btn_flash_on@2x.png */; };
		0517710A1F453F86002060C9 /* video_style_default_btn_flash_on@3x.png in Resources */ = {isa = PBXBuildFile; fileRef = 051770C01F453F85002060C9 /* video_style_default_btn_flash_on@3x.png */; };
		0517710B1F453F86002060C9 /* video_style_default_btn_remove@2x.png in Resources */ = {isa = PBXBuildFile; fileRef = 051770C11F453F85002060C9 /* video_style_default_btn_remove@2x.png */; };
		0517710C1F453F86002060C9 /* video_style_default_btn_remove@3x.png in Resources */ = {isa = PBXBuildFile; fileRef = 051770C21F453F85002060C9 /* video_style_default_btn_remove@3x.png */; };
		0517710D1F453F86002060C9 /* video_style_default_btn_sticker@2x.png in Resources */ = {isa = PBXBuildFile; fileRef = 051770C31F453F85002060C9 /* video_style_default_btn_sticker@2x.png */; };
		0517710E1F453F86002060C9 /* video_style_default_btn_sticker@3x.png in Resources */ = {isa = PBXBuildFile; fileRef = 051770C41F453F85002060C9 /* video_style_default_btn_sticker@3x.png */; };
		0517710F1F453F86002060C9 /* video_style_default_btn_sticker_off@2x.png in Resources */ = {isa = PBXBuildFile; fileRef = 051770C51F453F85002060C9 /* video_style_default_btn_sticker_off@2x.png */; };
		051771101F453F86002060C9 /* video_style_default_btn_sticker_off@3x.png in Resources */ = {isa = PBXBuildFile; fileRef = 051770C61F453F85002060C9 /* video_style_default_btn_sticker_off@3x.png */; };
		051771111F453F86002060C9 /* video_style_default_btn_sticker_online@2x.png in Resources */ = {isa = PBXBuildFile; fileRef = 051770C71F453F85002060C9 /* video_style_default_btn_sticker_online@2x.png */; };
		051771121F453F86002060C9 /* video_style_default_btn_sticker_online@3x.png in Resources */ = {isa = PBXBuildFile; fileRef = 051770C81F453F85002060C9 /* video_style_default_btn_sticker_online@3x.png */; };
		051771131F453F86002060C9 /* video_style_default_btn_switch@2x.png in Resources */ = {isa = PBXBuildFile; fileRef = 051770C91F453F85002060C9 /* video_style_default_btn_switch@2x.png */; };
		051771141F453F86002060C9 /* video_style_default_btn_switch@3x.png in Resources */ = {isa = PBXBuildFile; fileRef = 051770CA1F453F86002060C9 /* video_style_default_btn_switch@3x.png */; };
		051771151F453F86002060C9 /* video_style_default_camera_btn_pause@2x.png in Resources */ = {isa = PBXBuildFile; fileRef = 051770CB1F453F86002060C9 /* video_style_default_camera_btn_pause@2x.png */; };
		051771161F453F86002060C9 /* video_style_default_camera_btn_pause@3x.png in Resources */ = {isa = PBXBuildFile; fileRef = 051770CC1F453F86002060C9 /* video_style_default_camera_btn_pause@3x.png */; };
		051771171F453F86002060C9 /* video_style_default_camera_btn_record@2x.png in Resources */ = {isa = PBXBuildFile; fileRef = 051770CD1F453F86002060C9 /* video_style_default_camera_btn_record@2x.png */; };
		051771181F453F86002060C9 /* video_style_default_camera_btn_record@3x.png in Resources */ = {isa = PBXBuildFile; fileRef = 051770CE1F453F86002060C9 /* video_style_default_camera_btn_record@3x.png */; };
		051771191F453F86002060C9 /* Images.xcassets in Resources */ = {isa = PBXBuildFile; fileRef = 051770CF1F453F86002060C9 /* Images.xcassets */; };
		0517711A1F453F86002060C9 /* InfoPlist.strings in Resources */ = {isa = PBXBuildFile; fileRef = 051770D11F453F86002060C9 /* InfoPlist.strings */; };
		0517711B1F453F86002060C9 /* Localizable.strings in Resources */ = {isa = PBXBuildFile; fileRef = 051770D31F453F86002060C9 /* Localizable.strings */; };
		0517711C1F453F86002060C9 /* TuSDK.bundle in Resources */ = {isa = PBXBuildFile; fileRef = 051770D91F453F86002060C9 /* TuSDK.bundle */; };
		33C8A5051D95263E00932E43 /* Accelerate.framework in Frameworks */ = {isa = PBXBuildFile; fileRef = 33C8A5041D95263E00932E43 /* Accelerate.framework */; };
		E38A040F1E24B7D1009F2094 /* libyuv.framework in Frameworks */ = {isa = PBXBuildFile; fileRef = E38A040A1E24B7D1009F2094 /* libyuv.framework */; };
		E38A04111E24B7D1009F2094 /* TuSDK.framework in Frameworks */ = {isa = PBXBuildFile; fileRef = E38A040C1E24B7D1009F2094 /* TuSDK.framework */; };
		E38A04121E24B7D1009F2094 /* TuSDKFace.framework in Frameworks */ = {isa = PBXBuildFile; fileRef = E38A040D1E24B7D1009F2094 /* TuSDKFace.framework */; };
		E38A04131E24B7D1009F2094 /* TuSDKVideo.framework in Frameworks */ = {isa = PBXBuildFile; fileRef = E38A040E1E24B7D1009F2094 /* TuSDKVideo.framework */; };
		E38A046A1E2607BE009F2094 /* KSYNameSlider.m in Sources */ = {isa = PBXBuildFile; fileRef = E38A045F1E2607BE009F2094 /* KSYNameSlider.m */; };
		E38A046B1E2607BE009F2094 /* KSYPresetCfgVC.m in Sources */ = {isa = PBXBuildFile; fileRef = E38A04611E2607BE009F2094 /* KSYPresetCfgVC.m */; };
		E38A046C1E2607BE009F2094 /* KSYPresetCfgView.m in Sources */ = {isa = PBXBuildFile; fileRef = E38A04631E2607BE009F2094 /* KSYPresetCfgView.m */; };
		E38A046E1E2607BE009F2094 /* KSYUIVC.m in Sources */ = {isa = PBXBuildFile; fileRef = E38A04671E2607BE009F2094 /* KSYUIVC.m */; };
		E38A046F1E2607BE009F2094 /* KSYUIView.m in Sources */ = {isa = PBXBuildFile; fileRef = E38A04691E2607BE009F2094 /* KSYUIView.m */; };
		F826F5521D1BBFB5008DA36E /* Photos.framework in Frameworks */ = {isa = PBXBuildFile; fileRef = F826F5511D1BBFB5008DA36E /* Photos.framework */; settings = {ATTRIBUTES = (Weak, ); }; };
		F874C5F81C8AF72C00BD702D /* main.m in Sources */ = {isa = PBXBuildFile; fileRef = F874C5F71C8AF72C00BD702D /* main.m */; };
/* End PBXBuildFile section */

/* Begin PBXCopyFilesBuildPhase section */
		E30F04C21E23E44E0062927C /* Embed Frameworks */ = {
			isa = PBXCopyFilesBuildPhase;
			buildActionMask = 2147483647;
			dstPath = "";
			dstSubfolderSpec = 10;
			files = (
			);
			name = "Embed Frameworks";
			runOnlyForDeploymentPostprocessing = 0;
		};
/* End PBXCopyFilesBuildPhase section */

/* Begin PBXFileReference section */
		051770781F453D91002060C9 /* FilterItemView.h */ = {isa = PBXFileReference; fileEncoding = 4; lastKnownFileType = sourcecode.c.h; path = FilterItemView.h; sourceTree = "<group>"; };
		051770791F453D91002060C9 /* FilterItemView.m */ = {isa = PBXFileReference; fileEncoding = 4; lastKnownFileType = sourcecode.c.objc; path = FilterItemView.m; sourceTree = "<group>"; };
		0517707A1F453D91002060C9 /* FilterView.h */ = {isa = PBXFileReference; fileEncoding = 4; lastKnownFileType = sourcecode.c.h; path = FilterView.h; sourceTree = "<group>"; };
		0517707B1F453D91002060C9 /* FilterView.m */ = {isa = PBXFileReference; fileEncoding = 4; lastKnownFileType = sourcecode.c.objc; path = FilterView.m; sourceTree = "<group>"; };
		0517707C1F453D91002060C9 /* StickerScrollView.h */ = {isa = PBXFileReference; fileEncoding = 4; lastKnownFileType = sourcecode.c.h; path = StickerScrollView.h; sourceTree = "<group>"; };
		0517707D1F453D91002060C9 /* StickerScrollView.m */ = {isa = PBXFileReference; fileEncoding = 4; lastKnownFileType = sourcecode.c.objc; path = StickerScrollView.m; sourceTree = "<group>"; };
		051770811F453DBA002060C9 /* LiveStreamingViewController.h */ = {isa = PBXFileReference; fileEncoding = 4; lastKnownFileType = sourcecode.c.h; name = LiveStreamingViewController.h; path = TuSDKVideoDemo/Source/Samples/LiveStreaming/LiveStreamingViewController.h; sourceTree = SOURCE_ROOT; };
		051770821F453DBA002060C9 /* LiveStreamingViewController.m */ = {isa = PBXFileReference; fileEncoding = 4; lastKnownFileType = sourcecode.c.objc; name = LiveStreamingViewController.m; path = TuSDKVideoDemo/Source/Samples/LiveStreaming/LiveStreamingViewController.m; sourceTree = SOURCE_ROOT; };
		051770841F453DCF002060C9 /* AppDelegate.h */ = {isa = PBXFileReference; fileEncoding = 4; lastKnownFileType = sourcecode.c.h; name = AppDelegate.h; path = TuSDKVideoDemo/AppDelegate.h; sourceTree = SOURCE_ROOT; };
		051770851F453DCF002060C9 /* AppDelegate.m */ = {isa = PBXFileReference; fileEncoding = 4; lastKnownFileType = sourcecode.c.objc; name = AppDelegate.m; path = TuSDKVideoDemo/AppDelegate.m; sourceTree = SOURCE_ROOT; };
		051770881F453E11002060C9 /* KSYTuGPUStreamerKit.h */ = {isa = PBXFileReference; fileEncoding = 4; lastKnownFileType = sourcecode.c.h; path = KSYTuGPUStreamerKit.h; sourceTree = "<group>"; };
		051770891F453E11002060C9 /* KSYTuGPUStreamerKit.m */ = {isa = PBXFileReference; fileEncoding = 4; lastKnownFileType = sourcecode.c.objc; path = KSYTuGPUStreamerKit.m; sourceTree = "<group>"; };
		0517708A1F453E11002060C9 /* KSYTuVCapture.h */ = {isa = PBXFileReference; fileEncoding = 4; lastKnownFileType = sourcecode.c.h; path = KSYTuVCapture.h; sourceTree = "<group>"; };
		0517708B1F453E11002060C9 /* KSYTuVCapture.m */ = {isa = PBXFileReference; fileEncoding = 4; lastKnownFileType = sourcecode.c.objc; path = KSYTuVCapture.m; sourceTree = "<group>"; };
		051770901F453F85002060C9 /* icon_beauty_off@2x.png */ = {isa = PBXFileReference; lastKnownFileType = image.png; path = "icon_beauty_off@2x.png"; sourceTree = "<group>"; };
		051770911F453F85002060C9 /* icon_beauty_off@3x.png */ = {isa = PBXFileReference; lastKnownFileType = image.png; path = "icon_beauty_off@3x.png"; sourceTree = "<group>"; };
		051770921F453F85002060C9 /* icon_beauty_on@2x.png */ = {isa = PBXFileReference; lastKnownFileType = image.png; path = "icon_beauty_on@2x.png"; sourceTree = "<group>"; };
		051770931F453F85002060C9 /* icon_beauty_on@3x.png */ = {isa = PBXFileReference; lastKnownFileType = image.png; path = "icon_beauty_on@3x.png"; sourceTree = "<group>"; };
		051770941F453F85002060C9 /* icon_camera_flip@2x.png */ = {isa = PBXFileReference; lastKnownFileType = image.png; path = "icon_camera_flip@2x.png"; sourceTree = "<group>"; };
		051770951F453F85002060C9 /* icon_camera_flip@3x.png */ = {isa = PBXFileReference; lastKnownFileType = image.png; path = "icon_camera_flip@3x.png"; sourceTree = "<group>"; };
		051770961F453F85002060C9 /* icon_closed@2x.png */ = {isa = PBXFileReference; lastKnownFileType = image.png; path = "icon_closed@2x.png"; sourceTree = "<group>"; };
		051770971F453F85002060C9 /* icon_closed@3x.png */ = {isa = PBXFileReference; lastKnownFileType = image.png; path = "icon_closed@3x.png"; sourceTree = "<group>"; };
		051770981F453F85002060C9 /* icon_filter_config@2x.png */ = {isa = PBXFileReference; lastKnownFileType = image.png; path = "icon_filter_config@2x.png"; sourceTree = "<group>"; };
		051770991F453F85002060C9 /* icon_filter_config@3x.png */ = {isa = PBXFileReference; lastKnownFileType = image.png; path = "icon_filter_config@3x.png"; sourceTree = "<group>"; };
		0517709A1F453F85002060C9 /* icon_flash_auto@2x.png */ = {isa = PBXFileReference; lastKnownFileType = image.png; path = "icon_flash_auto@2x.png"; sourceTree = "<group>"; };
		0517709B1F453F85002060C9 /* icon_flash_auto@3x.png */ = {isa = PBXFileReference; lastKnownFileType = image.png; path = "icon_flash_auto@3x.png"; sourceTree = "<group>"; };
		0517709C1F453F85002060C9 /* icon_flash_off@2x.png */ = {isa = PBXFileReference; lastKnownFileType = image.png; path = "icon_flash_off@2x.png"; sourceTree = "<group>"; };
		0517709D1F453F85002060C9 /* icon_flash_off@3x.png */ = {isa = PBXFileReference; lastKnownFileType = image.png; path = "icon_flash_off@3x.png"; sourceTree = "<group>"; };
		0517709E1F453F85002060C9 /* icon_flash_on@2x.png */ = {isa = PBXFileReference; lastKnownFileType = image.png; path = "icon_flash_on@2x.png"; sourceTree = "<group>"; };
		0517709F1F453F85002060C9 /* icon_flash_on@3x.png */ = {isa = PBXFileReference; lastKnownFileType = image.png; path = "icon_flash_on@3x.png"; sourceTree = "<group>"; };
		051770A01F453F85002060C9 /* icon_pause@2x.png */ = {isa = PBXFileReference; lastKnownFileType = image.png; path = "icon_pause@2x.png"; sourceTree = "<group>"; };
		051770A11F453F85002060C9 /* icon_pause@3x.png */ = {isa = PBXFileReference; lastKnownFileType = image.png; path = "icon_pause@3x.png"; sourceTree = "<group>"; };
		051770A21F453F85002060C9 /* icon_play@2x.png */ = {isa = PBXFileReference; lastKnownFileType = image.png; path = "icon_play@2x.png"; sourceTree = "<group>"; };
		051770A31F453F85002060C9 /* icon_play@3x.png */ = {isa = PBXFileReference; lastKnownFileType = image.png; path = "icon_play@3x.png"; sourceTree = "<group>"; };
		051770A41F453F85002060C9 /* icon_setting@2x.png */ = {isa = PBXFileReference; lastKnownFileType = image.png; path = "icon_setting@2x.png"; sourceTree = "<group>"; };
		051770A51F453F85002060C9 /* icon_setting@3x.png */ = {isa = PBXFileReference; lastKnownFileType = image.png; path = "icon_setting@3x.png"; sourceTree = "<group>"; };
		051770A61F453F85002060C9 /* icon_show@2x.png */ = {isa = PBXFileReference; lastKnownFileType = image.png; path = "icon_show@2x.png"; sourceTree = "<group>"; };
		051770A71F453F85002060C9 /* icon_show@3x.png */ = {isa = PBXFileReference; lastKnownFileType = image.png; path = "icon_show@3x.png"; sourceTree = "<group>"; };
		051770A81F453F85002060C9 /* icon_stream@2x.png */ = {isa = PBXFileReference; lastKnownFileType = image.png; path = "icon_stream@2x.png"; sourceTree = "<group>"; };
		051770A91F453F85002060C9 /* icon_stream@3x.png */ = {isa = PBXFileReference; lastKnownFileType = image.png; path = "icon_stream@3x.png"; sourceTree = "<group>"; };
		051770AA1F453F85002060C9 /* icon_volume_off@2x.png */ = {isa = PBXFileReference; lastKnownFileType = image.png; path = "icon_volume_off@2x.png"; sourceTree = "<group>"; };
		051770AB1F453F85002060C9 /* icon_volume_off@3x.png */ = {isa = PBXFileReference; lastKnownFileType = image.png; path = "icon_volume_off@3x.png"; sourceTree = "<group>"; };
		051770AC1F453F85002060C9 /* icon_volume_on@2x.png */ = {isa = PBXFileReference; lastKnownFileType = image.png; path = "icon_volume_on@2x.png"; sourceTree = "<group>"; };
		051770AD1F453F85002060C9 /* icon_volume_on@3x.png */ = {isa = PBXFileReference; lastKnownFileType = image.png; path = "icon_volume_on@3x.png"; sourceTree = "<group>"; };
		051770AE1F453F85002060C9 /* lsq_filter_thumb_Brilliantly.jpg */ = {isa = PBXFileReference; lastKnownFileType = image.jpeg; path = lsq_filter_thumb_Brilliantly.jpg; sourceTree = "<group>"; };
		051770AF1F453F85002060C9 /* lsq_filter_thumb_Coral.jpg */ = {isa = PBXFileReference; lastKnownFileType = image.jpeg; path = lsq_filter_thumb_Coral.jpg; sourceTree = "<group>"; };
		051770B01F453F85002060C9 /* lsq_filter_thumb_Fair.jpg */ = {isa = PBXFileReference; lastKnownFileType = image.jpeg; path = lsq_filter_thumb_Fair.jpg; sourceTree = "<group>"; };
		051770B11F453F85002060C9 /* lsq_filter_thumb_Honey.jpg */ = {isa = PBXFileReference; lastKnownFileType = image.jpeg; path = lsq_filter_thumb_Honey.jpg; sourceTree = "<group>"; };
		051770B21F453F85002060C9 /* lsq_filter_thumb_Mint.jpg */ = {isa = PBXFileReference; lastKnownFileType = image.jpeg; path = lsq_filter_thumb_Mint.jpg; sourceTree = "<group>"; };
		051770B31F453F85002060C9 /* lsq_filter_thumb_Movie.jpg */ = {isa = PBXFileReference; lastKnownFileType = image.jpeg; path = lsq_filter_thumb_Movie.jpg; sourceTree = "<group>"; };
		051770B41F453F85002060C9 /* lsq_filter_thumb_Naturally.jpg */ = {isa = PBXFileReference; lastKnownFileType = image.jpeg; path = lsq_filter_thumb_Naturally.jpg; sourceTree = "<group>"; };
		051770B51F453F85002060C9 /* lsq_filter_thumb_Normal.jpg */ = {isa = PBXFileReference; lastKnownFileType = image.jpeg; path = lsq_filter_thumb_Normal.jpg; sourceTree = "<group>"; };
		051770B61F453F85002060C9 /* lsq_filter_thumb_Paul.jpg */ = {isa = PBXFileReference; lastKnownFileType = image.jpeg; path = lsq_filter_thumb_Paul.jpg; sourceTree = "<group>"; };
		051770B71F453F85002060C9 /* lsq_filter_thumb_Pink.jpg */ = {isa = PBXFileReference; lastKnownFileType = image.jpeg; path = lsq_filter_thumb_Pink.jpg; sourceTree = "<group>"; };
		051770B81F453F85002060C9 /* lsq_filter_thumb_Vivid.jpg */ = {isa = PBXFileReference; lastKnownFileType = image.jpeg; path = lsq_filter_thumb_Vivid.jpg; sourceTree = "<group>"; };
		051770B91F453F85002060C9 /* video_style_default_btn_close@2x.png */ = {isa = PBXFileReference; lastKnownFileType = image.png; path = "video_style_default_btn_close@2x.png"; sourceTree = "<group>"; };
		051770BA1F453F85002060C9 /* video_style_default_btn_close@3x.png */ = {isa = PBXFileReference; lastKnownFileType = image.png; path = "video_style_default_btn_close@3x.png"; sourceTree = "<group>"; };
		051770BB1F453F85002060C9 /* video_style_default_btn_filter@2x.png */ = {isa = PBXFileReference; lastKnownFileType = image.png; path = "video_style_default_btn_filter@2x.png"; sourceTree = "<group>"; };
		051770BC1F453F85002060C9 /* video_style_default_btn_filter@3x.png */ = {isa = PBXFileReference; lastKnownFileType = image.png; path = "video_style_default_btn_filter@3x.png"; sourceTree = "<group>"; };
		051770BD1F453F85002060C9 /* video_style_default_btn_flash_off@2x.png */ = {isa = PBXFileReference; lastKnownFileType = image.png; path = "video_style_default_btn_flash_off@2x.png"; sourceTree = "<group>"; };
		051770BE1F453F85002060C9 /* video_style_default_btn_flash_off@3x.png */ = {isa = PBXFileReference; lastKnownFileType = image.png; path = "video_style_default_btn_flash_off@3x.png"; sourceTree = "<group>"; };
		051770BF1F453F85002060C9 /* video_style_default_btn_flash_on@2x.png */ = {isa = PBXFileReference; lastKnownFileType = image.png; path = "video_style_default_btn_flash_on@2x.png"; sourceTree = "<group>"; };
		051770C01F453F85002060C9 /* video_style_default_btn_flash_on@3x.png */ = {isa = PBXFileReference; lastKnownFileType = image.png; path = "video_style_default_btn_flash_on@3x.png"; sourceTree = "<group>"; };
		051770C11F453F85002060C9 /* video_style_default_btn_remove@2x.png */ = {isa = PBXFileReference; lastKnownFileType = image.png; path = "video_style_default_btn_remove@2x.png"; sourceTree = "<group>"; };
		051770C21F453F85002060C9 /* video_style_default_btn_remove@3x.png */ = {isa = PBXFileReference; lastKnownFileType = image.png; path = "video_style_default_btn_remove@3x.png"; sourceTree = "<group>"; };
		051770C31F453F85002060C9 /* video_style_default_btn_sticker@2x.png */ = {isa = PBXFileReference; lastKnownFileType = image.png; path = "video_style_default_btn_sticker@2x.png"; sourceTree = "<group>"; };
		051770C41F453F85002060C9 /* video_style_default_btn_sticker@3x.png */ = {isa = PBXFileReference; lastKnownFileType = image.png; path = "video_style_default_btn_sticker@3x.png"; sourceTree = "<group>"; };
		051770C51F453F85002060C9 /* video_style_default_btn_sticker_off@2x.png */ = {isa = PBXFileReference; lastKnownFileType = image.png; path = "video_style_default_btn_sticker_off@2x.png"; sourceTree = "<group>"; };
		051770C61F453F85002060C9 /* video_style_default_btn_sticker_off@3x.png */ = {isa = PBXFileReference; lastKnownFileType = image.png; path = "video_style_default_btn_sticker_off@3x.png"; sourceTree = "<group>"; };
		051770C71F453F85002060C9 /* video_style_default_btn_sticker_online@2x.png */ = {isa = PBXFileReference; lastKnownFileType = image.png; path = "video_style_default_btn_sticker_online@2x.png"; sourceTree = "<group>"; };
		051770C81F453F85002060C9 /* video_style_default_btn_sticker_online@3x.png */ = {isa = PBXFileReference; lastKnownFileType = image.png; path = "video_style_default_btn_sticker_online@3x.png"; sourceTree = "<group>"; };
		051770C91F453F85002060C9 /* video_style_default_btn_switch@2x.png */ = {isa = PBXFileReference; lastKnownFileType = image.png; path = "video_style_default_btn_switch@2x.png"; sourceTree = "<group>"; };
		051770CA1F453F86002060C9 /* video_style_default_btn_switch@3x.png */ = {isa = PBXFileReference; lastKnownFileType = image.png; path = "video_style_default_btn_switch@3x.png"; sourceTree = "<group>"; };
		051770CB1F453F86002060C9 /* video_style_default_camera_btn_pause@2x.png */ = {isa = PBXFileReference; lastKnownFileType = image.png; path = "video_style_default_camera_btn_pause@2x.png"; sourceTree = "<group>"; };
		051770CC1F453F86002060C9 /* video_style_default_camera_btn_pause@3x.png */ = {isa = PBXFileReference; lastKnownFileType = image.png; path = "video_style_default_camera_btn_pause@3x.png"; sourceTree = "<group>"; };
		051770CD1F453F86002060C9 /* video_style_default_camera_btn_record@2x.png */ = {isa = PBXFileReference; lastKnownFileType = image.png; path = "video_style_default_camera_btn_record@2x.png"; sourceTree = "<group>"; };
		051770CE1F453F86002060C9 /* video_style_default_camera_btn_record@3x.png */ = {isa = PBXFileReference; lastKnownFileType = image.png; path = "video_style_default_camera_btn_record@3x.png"; sourceTree = "<group>"; };
		051770CF1F453F86002060C9 /* Images.xcassets */ = {isa = PBXFileReference; lastKnownFileType = folder.assetcatalog; path = Images.xcassets; sourceTree = "<group>"; };
		051770D21F453F86002060C9 /* Base */ = {isa = PBXFileReference; lastKnownFileType = text.plist.strings; name = Base; path = Base.lproj/InfoPlist.strings; sourceTree = "<group>"; };
		051770D41F453F86002060C9 /* Base */ = {isa = PBXFileReference; lastKnownFileType = text.plist.strings; name = Base; path = Base.lproj/Localizable.strings; sourceTree = "<group>"; };
		051770D51F453F86002060C9 /* en */ = {isa = PBXFileReference; lastKnownFileType = text.plist.strings; name = en; path = en.lproj/InfoPlist.strings; sourceTree = "<group>"; };
		051770D61F453F86002060C9 /* en */ = {isa = PBXFileReference; lastKnownFileType = text.plist.strings; name = en; path = en.lproj/Localizable.strings; sourceTree = "<group>"; };
		051770D71F453F86002060C9 /* zh-Hant */ = {isa = PBXFileReference; lastKnownFileType = text.plist.strings; name = "zh-Hant"; path = "zh-Hant.lproj/InfoPlist.strings"; sourceTree = "<group>"; };
		051770D81F453F86002060C9 /* zh-Hant */ = {isa = PBXFileReference; lastKnownFileType = text.plist.strings; name = "zh-Hant"; path = "zh-Hant.lproj/Localizable.strings"; sourceTree = "<group>"; };
		051770D91F453F86002060C9 /* TuSDK.bundle */ = {isa = PBXFileReference; lastKnownFileType = "wrapper.plug-in"; path = TuSDK.bundle; sourceTree = "<group>"; };
		33C8A5041D95263E00932E43 /* Accelerate.framework */ = {isa = PBXFileReference; lastKnownFileType = wrapper.framework; name = Accelerate.framework; path = System/Library/Frameworks/Accelerate.framework; sourceTree = SDKROOT; };
		E38A040A1E24B7D1009F2094 /* libyuv.framework */ = {isa = PBXFileReference; lastKnownFileType = wrapper.framework; name = libyuv.framework; path = ../framework/libyuv.framework; sourceTree = "<group>"; };
		E38A040C1E24B7D1009F2094 /* TuSDK.framework */ = {isa = PBXFileReference; lastKnownFileType = wrapper.framework; name = TuSDK.framework; path = ../framework/TuSDK.framework; sourceTree = "<group>"; };
		E38A040D1E24B7D1009F2094 /* TuSDKFace.framework */ = {isa = PBXFileReference; lastKnownFileType = wrapper.framework; name = TuSDKFace.framework; path = ../framework/TuSDKFace.framework; sourceTree = "<group>"; };
		E38A040E1E24B7D1009F2094 /* TuSDKVideo.framework */ = {isa = PBXFileReference; lastKnownFileType = wrapper.framework; name = TuSDKVideo.framework; path = ../framework/TuSDKVideo.framework; sourceTree = "<group>"; };
		E38A045E1E2607BE009F2094 /* KSYNameSlider.h */ = {isa = PBXFileReference; fileEncoding = 4; lastKnownFileType = sourcecode.c.h; name = KSYNameSlider.h; path = TuSDKVideoDemo/KSYConfigVC/KSYNameSlider.h; sourceTree = SOURCE_ROOT; };
		E38A045F1E2607BE009F2094 /* KSYNameSlider.m */ = {isa = PBXFileReference; fileEncoding = 4; lastKnownFileType = sourcecode.c.objc; name = KSYNameSlider.m; path = TuSDKVideoDemo/KSYConfigVC/KSYNameSlider.m; sourceTree = SOURCE_ROOT; };
		E38A04601E2607BE009F2094 /* KSYPresetCfgVC.h */ = {isa = PBXFileReference; fileEncoding = 4; lastKnownFileType = sourcecode.c.h; name = KSYPresetCfgVC.h; path = TuSDKVideoDemo/KSYConfigVC/KSYPresetCfgVC.h; sourceTree = SOURCE_ROOT; };
		E38A04611E2607BE009F2094 /* KSYPresetCfgVC.m */ = {isa = PBXFileReference; fileEncoding = 4; lastKnownFileType = sourcecode.c.objc; name = KSYPresetCfgVC.m; path = TuSDKVideoDemo/KSYConfigVC/KSYPresetCfgVC.m; sourceTree = SOURCE_ROOT; };
		E38A04621E2607BE009F2094 /* KSYPresetCfgView.h */ = {isa = PBXFileReference; fileEncoding = 4; lastKnownFileType = sourcecode.c.h; name = KSYPresetCfgView.h; path = TuSDKVideoDemo/KSYConfigVC/KSYPresetCfgView.h; sourceTree = SOURCE_ROOT; };
		E38A04631E2607BE009F2094 /* KSYPresetCfgView.m */ = {isa = PBXFileReference; fileEncoding = 4; lastKnownFileType = sourcecode.c.objc; name = KSYPresetCfgView.m; path = TuSDKVideoDemo/KSYConfigVC/KSYPresetCfgView.m; sourceTree = SOURCE_ROOT; };
		E38A04661E2607BE009F2094 /* KSYUIVC.h */ = {isa = PBXFileReference; fileEncoding = 4; lastKnownFileType = sourcecode.c.h; name = KSYUIVC.h; path = TuSDKVideoDemo/KSYConfigVC/KSYUIVC.h; sourceTree = SOURCE_ROOT; };
		E38A04671E2607BE009F2094 /* KSYUIVC.m */ = {isa = PBXFileReference; fileEncoding = 4; lastKnownFileType = sourcecode.c.objc; name = KSYUIVC.m; path = TuSDKVideoDemo/KSYConfigVC/KSYUIVC.m; sourceTree = SOURCE_ROOT; };
		E38A04681E2607BE009F2094 /* KSYUIView.h */ = {isa = PBXFileReference; fileEncoding = 4; lastKnownFileType = sourcecode.c.h; name = KSYUIView.h; path = TuSDKVideoDemo/KSYConfigVC/KSYUIView.h; sourceTree = SOURCE_ROOT; };
		E38A04691E2607BE009F2094 /* KSYUIView.m */ = {isa = PBXFileReference; fileEncoding = 4; lastKnownFileType = sourcecode.c.objc; name = KSYUIView.m; path = TuSDKVideoDemo/KSYConfigVC/KSYUIView.m; sourceTree = SOURCE_ROOT; };
		F826F5511D1BBFB5008DA36E /* Photos.framework */ = {isa = PBXFileReference; lastKnownFileType = wrapper.framework; name = Photos.framework; path = System/Library/Frameworks/Photos.framework; sourceTree = SDKROOT; };
		F874C5F31C8AF72C00BD702D /* TuSDKVideoDemo.app */ = {isa = PBXFileReference; explicitFileType = wrapper.application; includeInIndex = 0; path = TuSDKVideoDemo.app; sourceTree = BUILT_PRODUCTS_DIR; };
		F874C5F71C8AF72C00BD702D /* main.m */ = {isa = PBXFileReference; lastKnownFileType = sourcecode.c.objc; path = main.m; sourceTree = "<group>"; };
		F874C6071C8AF72C00BD702D /* Info.plist */ = {isa = PBXFileReference; lastKnownFileType = text.plist.xml; path = Info.plist; sourceTree = "<group>"; };
		F874C6301C8AFD7400BD702D /* TuSDKFramework.h */ = {isa = PBXFileReference; fileEncoding = 4; lastKnownFileType = sourcecode.c.h; path = TuSDKFramework.h; sourceTree = "<group>"; };
/* End PBXFileReference section */

/* Begin PBXFrameworksBuildPhase section */
		F874C5F01C8AF72C00BD702D /* Frameworks */ = {
			isa = PBXFrameworksBuildPhase;
			buildActionMask = 2147483647;
			files = (
				E38A040F1E24B7D1009F2094 /* libyuv.framework in Frameworks */,
				33C8A5051D95263E00932E43 /* Accelerate.framework in Frameworks */,
				E38A04121E24B7D1009F2094 /* TuSDKFace.framework in Frameworks */,
				F826F5521D1BBFB5008DA36E /* Photos.framework in Frameworks */,
				E38A04111E24B7D1009F2094 /* TuSDK.framework in Frameworks */,
				E38A04131E24B7D1009F2094 /* TuSDKVideo.framework in Frameworks */,
			);
			runOnlyForDeploymentPostprocessing = 0;
		};
/* End PBXFrameworksBuildPhase section */

/* Begin PBXGroup section */
		051770771F453D91002060C9 /* Views */ = {
			isa = PBXGroup;
			children = (
				051770781F453D91002060C9 /* FilterItemView.h */,
				051770791F453D91002060C9 /* FilterItemView.m */,
				0517707A1F453D91002060C9 /* FilterView.h */,
				0517707B1F453D91002060C9 /* FilterView.m */,
				0517707C1F453D91002060C9 /* StickerScrollView.h */,
				0517707D1F453D91002060C9 /* StickerScrollView.m */,
			);
			name = Views;
			path = Source/Samples/LiveStreaming/Views;
			sourceTree = "<group>";
		};
		051770871F453E11002060C9 /* source */ = {
			isa = PBXGroup;
			children = (
				051770881F453E11002060C9 /* KSYTuGPUStreamerKit.h */,
				051770891F453E11002060C9 /* KSYTuGPUStreamerKit.m */,
				0517708A1F453E11002060C9 /* KSYTuVCapture.h */,
				0517708B1F453E11002060C9 /* KSYTuVCapture.m */,
			);
			name = source;
			path = ../../source;
			sourceTree = "<group>";
		};
		0517708E1F453F85002060C9 /* Resources */ = {
			isa = PBXGroup;
			children = (
				0517708F1F453F85002060C9 /* Images */,
				051770CF1F453F86002060C9 /* Images.xcassets */,
				051770D01F453F86002060C9 /* Localized */,
				051770D91F453F86002060C9 /* TuSDK.bundle */,
			);
			path = Resources;
			sourceTree = "<group>";
		};
		0517708F1F453F85002060C9 /* Images */ = {
			isa = PBXGroup;
			children = (
				051770901F453F85002060C9 /* icon_beauty_off@2x.png */,
				051770911F453F85002060C9 /* icon_beauty_off@3x.png */,
				051770921F453F85002060C9 /* icon_beauty_on@2x.png */,
				051770931F453F85002060C9 /* icon_beauty_on@3x.png */,
				051770941F453F85002060C9 /* icon_camera_flip@2x.png */,
				051770951F453F85002060C9 /* icon_camera_flip@3x.png */,
				051770961F453F85002060C9 /* icon_closed@2x.png */,
				051770971F453F85002060C9 /* icon_closed@3x.png */,
				051770981F453F85002060C9 /* icon_filter_config@2x.png */,
				051770991F453F85002060C9 /* icon_filter_config@3x.png */,
				0517709A1F453F85002060C9 /* icon_flash_auto@2x.png */,
				0517709B1F453F85002060C9 /* icon_flash_auto@3x.png */,
				0517709C1F453F85002060C9 /* icon_flash_off@2x.png */,
				0517709D1F453F85002060C9 /* icon_flash_off@3x.png */,
				0517709E1F453F85002060C9 /* icon_flash_on@2x.png */,
				0517709F1F453F85002060C9 /* icon_flash_on@3x.png */,
				051770A01F453F85002060C9 /* icon_pause@2x.png */,
				051770A11F453F85002060C9 /* icon_pause@3x.png */,
				051770A21F453F85002060C9 /* icon_play@2x.png */,
				051770A31F453F85002060C9 /* icon_play@3x.png */,
				051770A41F453F85002060C9 /* icon_setting@2x.png */,
				051770A51F453F85002060C9 /* icon_setting@3x.png */,
				051770A61F453F85002060C9 /* icon_show@2x.png */,
				051770A71F453F85002060C9 /* icon_show@3x.png */,
				051770A81F453F85002060C9 /* icon_stream@2x.png */,
				051770A91F453F85002060C9 /* icon_stream@3x.png */,
				051770AA1F453F85002060C9 /* icon_volume_off@2x.png */,
				051770AB1F453F85002060C9 /* icon_volume_off@3x.png */,
				051770AC1F453F85002060C9 /* icon_volume_on@2x.png */,
				051770AD1F453F85002060C9 /* icon_volume_on@3x.png */,
				051770AE1F453F85002060C9 /* lsq_filter_thumb_Brilliantly.jpg */,
				051770AF1F453F85002060C9 /* lsq_filter_thumb_Coral.jpg */,
				051770B01F453F85002060C9 /* lsq_filter_thumb_Fair.jpg */,
				051770B11F453F85002060C9 /* lsq_filter_thumb_Honey.jpg */,
				051770B21F453F85002060C9 /* lsq_filter_thumb_Mint.jpg */,
				051770B31F453F85002060C9 /* lsq_filter_thumb_Movie.jpg */,
				051770B41F453F85002060C9 /* lsq_filter_thumb_Naturally.jpg */,
				051770B51F453F85002060C9 /* lsq_filter_thumb_Normal.jpg */,
				051770B61F453F85002060C9 /* lsq_filter_thumb_Paul.jpg */,
				051770B71F453F85002060C9 /* lsq_filter_thumb_Pink.jpg */,
				051770B81F453F85002060C9 /* lsq_filter_thumb_Vivid.jpg */,
				051770B91F453F85002060C9 /* video_style_default_btn_close@2x.png */,
				051770BA1F453F85002060C9 /* video_style_default_btn_close@3x.png */,
				051770BB1F453F85002060C9 /* video_style_default_btn_filter@2x.png */,
				051770BC1F453F85002060C9 /* video_style_default_btn_filter@3x.png */,
				051770BD1F453F85002060C9 /* video_style_default_btn_flash_off@2x.png */,
				051770BE1F453F85002060C9 /* video_style_default_btn_flash_off@3x.png */,
				051770BF1F453F85002060C9 /* video_style_default_btn_flash_on@2x.png */,
				051770C01F453F85002060C9 /* video_style_default_btn_flash_on@3x.png */,
				051770C11F453F85002060C9 /* video_style_default_btn_remove@2x.png */,
				051770C21F453F85002060C9 /* video_style_default_btn_remove@3x.png */,
				051770C31F453F85002060C9 /* video_style_default_btn_sticker@2x.png */,
				051770C41F453F85002060C9 /* video_style_default_btn_sticker@3x.png */,
				051770C51F453F85002060C9 /* video_style_default_btn_sticker_off@2x.png */,
				051770C61F453F85002060C9 /* video_style_default_btn_sticker_off@3x.png */,
				051770C71F453F85002060C9 /* video_style_default_btn_sticker_online@2x.png */,
				051770C81F453F85002060C9 /* video_style_default_btn_sticker_online@3x.png */,
				051770C91F453F85002060C9 /* video_style_default_btn_switch@2x.png */,
				051770CA1F453F86002060C9 /* video_style_default_btn_switch@3x.png */,
				051770CB1F453F86002060C9 /* video_style_default_camera_btn_pause@2x.png */,
				051770CC1F453F86002060C9 /* video_style_default_camera_btn_pause@3x.png */,
				051770CD1F453F86002060C9 /* video_style_default_camera_btn_record@2x.png */,
				051770CE1F453F86002060C9 /* video_style_default_camera_btn_record@3x.png */,
			);
			path = Images;
			sourceTree = "<group>";
		};
		051770D01F453F86002060C9 /* Localized */ = {
			isa = PBXGroup;
			children = (
				051770D11F453F86002060C9 /* InfoPlist.strings */,
				051770D31F453F86002060C9 /* Localizable.strings */,
			);
			path = Localized;
			sourceTree = "<group>";
		};
		E30F04C31E23E8E00062927C /* KSYConfigVC */ = {
			isa = PBXGroup;
			children = (
				E38A045E1E2607BE009F2094 /* KSYNameSlider.h */,
				E38A045F1E2607BE009F2094 /* KSYNameSlider.m */,
				E38A04601E2607BE009F2094 /* KSYPresetCfgVC.h */,
				E38A04611E2607BE009F2094 /* KSYPresetCfgVC.m */,
				E38A04621E2607BE009F2094 /* KSYPresetCfgView.h */,
				E38A04631E2607BE009F2094 /* KSYPresetCfgView.m */,
				E38A04661E2607BE009F2094 /* KSYUIVC.h */,
				E38A04671E2607BE009F2094 /* KSYUIVC.m */,
				E38A04681E2607BE009F2094 /* KSYUIView.h */,
				E38A04691E2607BE009F2094 /* KSYUIView.m */,
			);
			name = KSYConfigVC;
			path = Source;
			sourceTree = "<group>";
		};
		F874C5EA1C8AF72C00BD702D = {
			isa = PBXGroup;
			children = (
				F874C5F51C8AF72C00BD702D /* TuSDKVideoDemo */,
				F874C62F1C8AFB8100BD702D /* Frameworks */,
				F874C5F41C8AF72C00BD702D /* Products */,
			);
			sourceTree = "<group>";
		};
		F874C5F41C8AF72C00BD702D /* Products */ = {
			isa = PBXGroup;
			children = (
				F874C5F31C8AF72C00BD702D /* TuSDKVideoDemo.app */,
			);
			name = Products;
			sourceTree = "<group>";
		};
		F874C5F51C8AF72C00BD702D /* TuSDKVideoDemo */ = {
			isa = PBXGroup;
			children = (
				E30F04C31E23E8E00062927C /* KSYConfigVC */,
				051770771F453D91002060C9 /* Views */,
				F874C61C1C8AF92900BD702D /* Samples */,
				0517708E1F453F85002060C9 /* Resources */,
				051770871F453E11002060C9 /* source */,
				F874C5F61C8AF72C00BD702D /* Supporting Files */,
			);
			path = TuSDKVideoDemo;
			sourceTree = "<group>";
		};
		F874C5F61C8AF72C00BD702D /* Supporting Files */ = {
			isa = PBXGroup;
			children = (
				F874C6071C8AF72C00BD702D /* Info.plist */,
				F874C5F71C8AF72C00BD702D /* main.m */,
				F874C6301C8AFD7400BD702D /* TuSDKFramework.h */,
			);
			name = "Supporting Files";
			sourceTree = "<group>";
		};
		F874C61C1C8AF92900BD702D /* Samples */ = {
			isa = PBXGroup;
			children = (
				051770841F453DCF002060C9 /* AppDelegate.h */,
				051770851F453DCF002060C9 /* AppDelegate.m */,
				051770811F453DBA002060C9 /* LiveStreamingViewController.h */,
				051770821F453DBA002060C9 /* LiveStreamingViewController.m */,
			);
			name = Samples;
			path = Source/Components;
			sourceTree = "<group>";
		};
		F874C62F1C8AFB8100BD702D /* Frameworks */ = {
			isa = PBXGroup;
			children = (
				E38A040A1E24B7D1009F2094 /* libyuv.framework */,
				E38A040C1E24B7D1009F2094 /* TuSDK.framework */,
				E38A040D1E24B7D1009F2094 /* TuSDKFace.framework */,
				E38A040E1E24B7D1009F2094 /* TuSDKVideo.framework */,
				33C8A5041D95263E00932E43 /* Accelerate.framework */,
				F826F5511D1BBFB5008DA36E /* Photos.framework */,
			);
			name = Frameworks;
			sourceTree = "<group>";
		};
/* End PBXGroup section */

/* Begin PBXNativeTarget section */
		F874C5F21C8AF72C00BD702D /* TuSDKVideoDemo */ = {
			isa = PBXNativeTarget;
			buildConfigurationList = F874C60A1C8AF72C00BD702D /* Build configuration list for PBXNativeTarget "TuSDKVideoDemo" */;
			buildPhases = (
				F874C5EF1C8AF72C00BD702D /* Sources */,
				F874C5F01C8AF72C00BD702D /* Frameworks */,
				F874C5F11C8AF72C00BD702D /* Resources */,
				E30F04C21E23E44E0062927C /* Embed Frameworks */,
			);
			buildRules = (
			);
			dependencies = (
			);
			name = TuSDKVideoDemo;
			productName = TuSDKVideoDemo;
			productReference = F874C5F31C8AF72C00BD702D /* TuSDKVideoDemo.app */;
			productType = "com.apple.product-type.application";
		};
/* End PBXNativeTarget section */

/* Begin PBXProject section */
		F874C5EB1C8AF72C00BD702D /* Project object */ = {
			isa = PBXProject;
			attributes = {
				LastUpgradeCheck = 0810;
				ORGANIZATIONNAME = TuSDK;
				TargetAttributes = {
					F874C5F21C8AF72C00BD702D = {
						CreatedOnToolsVersion = 7.2;
						DevelopmentTeam = ZGJ54Q7R45;
						ProvisioningStyle = Automatic;
					};
				};
			};
			buildConfigurationList = F874C5EE1C8AF72C00BD702D /* Build configuration list for PBXProject "TuSDKVideoDemo" */;
			compatibilityVersion = "Xcode 3.2";
			developmentRegion = English;
			hasScannedForEncodings = 0;
			knownRegions = (
				en,
				Base,
				"zh-Hant",
			);
			mainGroup = F874C5EA1C8AF72C00BD702D;
			productRefGroup = F874C5F41C8AF72C00BD702D /* Products */;
			projectDirPath = "";
			projectRoot = "";
			targets = (
				F874C5F21C8AF72C00BD702D /* TuSDKVideoDemo */,
			);
		};
/* End PBXProject section */

/* Begin PBXResourcesBuildPhase section */
		F874C5F11C8AF72C00BD702D /* Resources */ = {
			isa = PBXResourcesBuildPhase;
			buildActionMask = 2147483647;
			files = (
				051771001F453F86002060C9 /* lsq_filter_thumb_Paul.jpg in Resources */,
				051771191F453F86002060C9 /* Images.xcassets in Resources */,
				051770E21F453F86002060C9 /* icon_filter_config@2x.png in Resources */,
				051771081F453F86002060C9 /* video_style_default_btn_flash_off@3x.png in Resources */,
				051771141F453F86002060C9 /* video_style_default_btn_switch@3x.png in Resources */,
				051771121F453F86002060C9 /* video_style_default_btn_sticker_online@3x.png in Resources */,
				051770EE1F453F86002060C9 /* icon_setting@2x.png in Resources */,
				051770DC1F453F86002060C9 /* icon_beauty_on@2x.png in Resources */,
				051770E31F453F86002060C9 /* icon_filter_config@3x.png in Resources */,
				051770DE1F453F86002060C9 /* icon_camera_flip@2x.png in Resources */,
				051770E91F453F86002060C9 /* icon_flash_on@3x.png in Resources */,
				051770F51F453F86002060C9 /* icon_volume_off@3x.png in Resources */,
				051770F41F453F86002060C9 /* icon_volume_off@2x.png in Resources */,
				0517711B1F453F86002060C9 /* Localizable.strings in Resources */,
				051771041F453F86002060C9 /* video_style_default_btn_close@3x.png in Resources */,
				051770FD1F453F86002060C9 /* lsq_filter_thumb_Movie.jpg in Resources */,
				051770E41F453F86002060C9 /* icon_flash_auto@2x.png in Resources */,
				051770E11F453F86002060C9 /* icon_closed@3x.png in Resources */,
				051770EB1F453F86002060C9 /* icon_pause@3x.png in Resources */,
				051770F21F453F86002060C9 /* icon_stream@2x.png in Resources */,
				051771131F453F86002060C9 /* video_style_default_btn_switch@2x.png in Resources */,
				051771111F453F86002060C9 /* video_style_default_btn_sticker_online@2x.png in Resources */,
				051770ED1F453F86002060C9 /* icon_play@3x.png in Resources */,
				051770F91F453F86002060C9 /* lsq_filter_thumb_Coral.jpg in Resources */,
				051770F61F453F86002060C9 /* icon_volume_on@2x.png in Resources */,
				051770E51F453F86002060C9 /* icon_flash_auto@3x.png in Resources */,
				051771181F453F86002060C9 /* video_style_default_camera_btn_record@3x.png in Resources */,
				051770FC1F453F86002060C9 /* lsq_filter_thumb_Mint.jpg in Resources */,
				051771171F453F86002060C9 /* video_style_default_camera_btn_record@2x.png in Resources */,
				051770F81F453F86002060C9 /* lsq_filter_thumb_Brilliantly.jpg in Resources */,
				0517711A1F453F86002060C9 /* InfoPlist.strings in Resources */,
				051771161F453F86002060C9 /* video_style_default_camera_btn_pause@3x.png in Resources */,
				051770EA1F453F86002060C9 /* icon_pause@2x.png in Resources */,
				0517710F1F453F86002060C9 /* video_style_default_btn_sticker_off@2x.png in Resources */,
				0517710B1F453F86002060C9 /* video_style_default_btn_remove@2x.png in Resources */,
				051771011F453F86002060C9 /* lsq_filter_thumb_Pink.jpg in Resources */,
				051770E01F453F86002060C9 /* icon_closed@2x.png in Resources */,
				051771101F453F86002060C9 /* video_style_default_btn_sticker_off@3x.png in Resources */,
				051770FB1F453F86002060C9 /* lsq_filter_thumb_Honey.jpg in Resources */,
				051770FF1F453F86002060C9 /* lsq_filter_thumb_Normal.jpg in Resources */,
				051771091F453F86002060C9 /* video_style_default_btn_flash_on@2x.png in Resources */,
				051770F31F453F86002060C9 /* icon_stream@3x.png in Resources */,
				051771061F453F86002060C9 /* video_style_default_btn_filter@3x.png in Resources */,
				0517710A1F453F86002060C9 /* video_style_default_btn_flash_on@3x.png in Resources */,
				0517710C1F453F86002060C9 /* video_style_default_btn_remove@3x.png in Resources */,
				051771071F453F86002060C9 /* video_style_default_btn_flash_off@2x.png in Resources */,
				051770F01F453F86002060C9 /* icon_show@2x.png in Resources */,
				051770EC1F453F86002060C9 /* icon_play@2x.png in Resources */,
				051771051F453F86002060C9 /* video_style_default_btn_filter@2x.png in Resources */,
				0517711C1F453F86002060C9 /* TuSDK.bundle in Resources */,
				051770F11F453F86002060C9 /* icon_show@3x.png in Resources */,
				051770FA1F453F86002060C9 /* lsq_filter_thumb_Fair.jpg in Resources */,
				051770F71F453F86002060C9 /* icon_volume_on@3x.png in Resources */,
				051771021F453F86002060C9 /* lsq_filter_thumb_Vivid.jpg in Resources */,
				051771031F453F86002060C9 /* video_style_default_btn_close@2x.png in Resources */,
				051770DF1F453F86002060C9 /* icon_camera_flip@3x.png in Resources */,
				051770FE1F453F86002060C9 /* lsq_filter_thumb_Naturally.jpg in Resources */,
				051770DD1F453F86002060C9 /* icon_beauty_on@3x.png in Resources */,
				051770E61F453F86002060C9 /* icon_flash_off@2x.png in Resources */,
				0517710E1F453F86002060C9 /* video_style_default_btn_sticker@3x.png in Resources */,
				051770EF1F453F86002060C9 /* icon_setting@3x.png in Resources */,
				051770E81F453F86002060C9 /* icon_flash_on@2x.png in Resources */,
				051770DB1F453F86002060C9 /* icon_beauty_off@3x.png in Resources */,
				0517710D1F453F86002060C9 /* video_style_default_btn_sticker@2x.png in Resources */,
				051770DA1F453F86002060C9 /* icon_beauty_off@2x.png in Resources */,
				051770E71F453F86002060C9 /* icon_flash_off@3x.png in Resources */,
				051771151F453F86002060C9 /* video_style_default_camera_btn_pause@2x.png in Resources */,
			);
			runOnlyForDeploymentPostprocessing = 0;
		};
/* End PBXResourcesBuildPhase section */

/* Begin PBXSourcesBuildPhase section */
		F874C5EF1C8AF72C00BD702D /* Sources */ = {
			isa = PBXSourcesBuildPhase;
			buildActionMask = 2147483647;
			files = (
				051770861F453DCF002060C9 /* AppDelegate.m in Sources */,
				E38A046E1E2607BE009F2094 /* KSYUIVC.m in Sources */,
				E38A046C1E2607BE009F2094 /* KSYPresetCfgView.m in Sources */,
				0517708C1F453E11002060C9 /* KSYTuGPUStreamerKit.m in Sources */,
				0517707E1F453D91002060C9 /* FilterItemView.m in Sources */,
				051770831F453DBA002060C9 /* LiveStreamingViewController.m in Sources */,
				E38A046F1E2607BE009F2094 /* KSYUIView.m in Sources */,
				051770801F453D91002060C9 /* StickerScrollView.m in Sources */,
				E38A046B1E2607BE009F2094 /* KSYPresetCfgVC.m in Sources */,
				E38A046A1E2607BE009F2094 /* KSYNameSlider.m in Sources */,
				F874C5F81C8AF72C00BD702D /* main.m in Sources */,
				0517707F1F453D91002060C9 /* FilterView.m in Sources */,
				0517708D1F453E11002060C9 /* KSYTuVCapture.m in Sources */,
			);
			runOnlyForDeploymentPostprocessing = 0;
		};
/* End PBXSourcesBuildPhase section */

/* Begin PBXVariantGroup section */
		051770D11F453F86002060C9 /* InfoPlist.strings */ = {
			isa = PBXVariantGroup;
			children = (
				051770D21F453F86002060C9 /* Base */,
				051770D51F453F86002060C9 /* en */,
				051770D71F453F86002060C9 /* zh-Hant */,
			);
			name = InfoPlist.strings;
			sourceTree = "<group>";
		};
		051770D31F453F86002060C9 /* Localizable.strings */ = {
			isa = PBXVariantGroup;
			children = (
				051770D41F453F86002060C9 /* Base */,
				051770D61F453F86002060C9 /* en */,
				051770D81F453F86002060C9 /* zh-Hant */,
			);
			name = Localizable.strings;
			sourceTree = "<group>";
		};
/* End PBXVariantGroup section */

/* Begin XCBuildConfiguration section */
		F874C6081C8AF72C00BD702D /* Debug */ = {
			isa = XCBuildConfiguration;
			buildSettings = {
				ALWAYS_SEARCH_USER_PATHS = NO;
				CLANG_ANALYZER_LOCALIZABILITY_NONLOCALIZED = YES;
				CLANG_CXX_LANGUAGE_STANDARD = "gnu++0x";
				CLANG_CXX_LIBRARY = "libc++";
				CLANG_ENABLE_MODULES = YES;
				CLANG_ENABLE_OBJC_ARC = YES;
				CLANG_WARN_BOOL_CONVERSION = YES;
				CLANG_WARN_CONSTANT_CONVERSION = YES;
				CLANG_WARN_DIRECT_OBJC_ISA_USAGE = YES_ERROR;
				CLANG_WARN_EMPTY_BODY = YES;
				CLANG_WARN_ENUM_CONVERSION = YES;
				CLANG_WARN_INFINITE_RECURSION = YES;
				CLANG_WARN_INT_CONVERSION = YES;
				CLANG_WARN_OBJC_ROOT_CLASS = YES_ERROR;
				CLANG_WARN_SUSPICIOUS_MOVE = YES;
				CLANG_WARN_UNREACHABLE_CODE = YES;
				CLANG_WARN__DUPLICATE_METHOD_MATCH = YES;
				"CODE_SIGN_IDENTITY[sdk=iphoneos*]" = "iPhone Developer";
				COPY_PHASE_STRIP = NO;
				DEBUG_INFORMATION_FORMAT = dwarf;
				ENABLE_STRICT_OBJC_MSGSEND = YES;
				ENABLE_TESTABILITY = YES;
				GCC_C_LANGUAGE_STANDARD = gnu99;
				GCC_DYNAMIC_NO_PIC = NO;
				GCC_NO_COMMON_BLOCKS = YES;
				GCC_OPTIMIZATION_LEVEL = 0;
				GCC_PREPROCESSOR_DEFINITIONS = (
					"DEBUG=1",
					"$(inherited)",
				);
				GCC_WARN_64_TO_32_BIT_CONVERSION = YES;
				GCC_WARN_ABOUT_RETURN_TYPE = YES_ERROR;
				GCC_WARN_UNDECLARED_SELECTOR = YES;
				GCC_WARN_UNINITIALIZED_AUTOS = YES_AGGRESSIVE;
				GCC_WARN_UNUSED_FUNCTION = YES;
				GCC_WARN_UNUSED_VARIABLE = YES;
				IPHONEOS_DEPLOYMENT_TARGET = 9.2;
				MTL_ENABLE_DEBUG_INFO = YES;
				ONLY_ACTIVE_ARCH = YES;
				SDKROOT = iphoneos;
			};
			name = Debug;
		};
		F874C6091C8AF72C00BD702D /* Release */ = {
			isa = XCBuildConfiguration;
			buildSettings = {
				ALWAYS_SEARCH_USER_PATHS = NO;
				CLANG_ANALYZER_LOCALIZABILITY_NONLOCALIZED = YES;
				CLANG_CXX_LANGUAGE_STANDARD = "gnu++0x";
				CLANG_CXX_LIBRARY = "libc++";
				CLANG_ENABLE_MODULES = YES;
				CLANG_ENABLE_OBJC_ARC = YES;
				CLANG_WARN_BOOL_CONVERSION = YES;
				CLANG_WARN_CONSTANT_CONVERSION = YES;
				CLANG_WARN_DIRECT_OBJC_ISA_USAGE = YES_ERROR;
				CLANG_WARN_EMPTY_BODY = YES;
				CLANG_WARN_ENUM_CONVERSION = YES;
				CLANG_WARN_INFINITE_RECURSION = YES;
				CLANG_WARN_INT_CONVERSION = YES;
				CLANG_WARN_OBJC_ROOT_CLASS = YES_ERROR;
				CLANG_WARN_SUSPICIOUS_MOVE = YES;
				CLANG_WARN_UNREACHABLE_CODE = YES;
				CLANG_WARN__DUPLICATE_METHOD_MATCH = YES;
				"CODE_SIGN_IDENTITY[sdk=iphoneos*]" = "iPhone Developer";
				COPY_PHASE_STRIP = NO;
				DEBUG_INFORMATION_FORMAT = "dwarf-with-dsym";
				ENABLE_NS_ASSERTIONS = NO;
				ENABLE_STRICT_OBJC_MSGSEND = YES;
				GCC_C_LANGUAGE_STANDARD = gnu99;
				GCC_NO_COMMON_BLOCKS = YES;
				GCC_WARN_64_TO_32_BIT_CONVERSION = YES;
				GCC_WARN_ABOUT_RETURN_TYPE = YES_ERROR;
				GCC_WARN_UNDECLARED_SELECTOR = YES;
				GCC_WARN_UNINITIALIZED_AUTOS = YES_AGGRESSIVE;
				GCC_WARN_UNUSED_FUNCTION = YES;
				GCC_WARN_UNUSED_VARIABLE = YES;
				IPHONEOS_DEPLOYMENT_TARGET = 9.2;
				MTL_ENABLE_DEBUG_INFO = NO;
				SDKROOT = iphoneos;
				VALIDATE_PRODUCT = YES;
			};
			name = Release;
		};
		F874C60B1C8AF72C00BD702D /* Debug */ = {
			isa = XCBuildConfiguration;
			buildSettings = {
				ASSETCATALOG_COMPILER_APPICON_NAME = AppIcon;
				ASSETCATALOG_COMPILER_LAUNCHIMAGE_NAME = LaunchImage;
				"CODE_SIGN_IDENTITY[sdk=iphoneos*]" = "iPhone Developer";
				DEVELOPMENT_TEAM = ZGJ54Q7R45;
				ENABLE_BITCODE = NO;
				FRAMEWORK_SEARCH_PATHS = (
					"$(inherited)",
					../framework,
					"$(PROJECT_DIR)",
					Pods/Headers,
				);
				GCC_INPUT_FILETYPE = sourcecode.cpp.objcpp;
				HEADER_SEARCH_PATHS = (
					"$(inherited)",
					/Applications/Xcode.app/Contents/Developer/Toolchains/XcodeDefault.xctoolchain/usr/include,
					"../TuSDK/framework/Source/**",
					"../TuSDKVideo/framework/Source/**",
					"../TuSDKFace/framework/Source/**",
				);
				INFOPLIST_FILE = TuSDKVideoDemo/Info.plist;
				IPHONEOS_DEPLOYMENT_TARGET = 8.0;
				LD_RUNPATH_SEARCH_PATHS = "$(inherited) @executable_path/Frameworks";
				OTHER_LDFLAGS = (
					"-ObjC",
					"$(inherited)",
				);
				PRODUCT_BUNDLE_IDENTIFIER = org.lasque.TuSDKLiveEngineDemo;
				PRODUCT_NAME = "$(TARGET_NAME)";
				PROVISIONING_PROFILE = "";
				PROVISIONING_PROFILE_SPECIFIER = "";
			};
			name = Debug;
		};
		F874C60C1C8AF72C00BD702D /* Release */ = {
			isa = XCBuildConfiguration;
			buildSettings = {
				ASSETCATALOG_COMPILER_APPICON_NAME = AppIcon;
				ASSETCATALOG_COMPILER_LAUNCHIMAGE_NAME = LaunchImage;
				"CODE_SIGN_IDENTITY[sdk=iphoneos*]" = "iPhone Developer";
				DEVELOPMENT_TEAM = ZGJ54Q7R45;
				ENABLE_BITCODE = NO;
				FRAMEWORK_SEARCH_PATHS = (
					"$(inherited)",
					../framework,
					"$(PROJECT_DIR)",
					Pods/Headers,
				);
				GCC_INPUT_FILETYPE = sourcecode.cpp.objcpp;
				HEADER_SEARCH_PATHS = (
					"$(inherited)",
					/Applications/Xcode.app/Contents/Developer/Toolchains/XcodeDefault.xctoolchain/usr/include,
					"../TuSDK/framework/Source/**",
					"../TuSDKVideo/framework/Source/**",
					"../TuSDKFace/framework/Source/**",
				);
				INFOPLIST_FILE = TuSDKVideoDemo/Info.plist;
				IPHONEOS_DEPLOYMENT_TARGET = 8.0;
				LD_RUNPATH_SEARCH_PATHS = "$(inherited) @executable_path/Frameworks";
				OTHER_LDFLAGS = (
					"-ObjC",
					"$(inherited)",
				);
				PRODUCT_BUNDLE_IDENTIFIER = org.lasque.TuSDKLiveEngineDemo;
				PRODUCT_NAME = "$(TARGET_NAME)";
				PROVISIONING_PROFILE = "";
				PROVISIONING_PROFILE_SPECIFIER = "";
			};
			name = Release;
		};
/* End XCBuildConfiguration section */

/* Begin XCConfigurationList section */
		F874C5EE1C8AF72C00BD702D /* Build configuration list for PBXProject "TuSDKVideoDemo" */ = {
			isa = XCConfigurationList;
			buildConfigurations = (
				F874C6081C8AF72C00BD702D /* Debug */,
				F874C6091C8AF72C00BD702D /* Release */,
			);
			defaultConfigurationIsVisible = 0;
			defaultConfigurationName = Release;
		};
		F874C60A1C8AF72C00BD702D /* Build configuration list for PBXNativeTarget "TuSDKVideoDemo" */ = {
			isa = XCConfigurationList;
			buildConfigurations = (
				F874C60B1C8AF72C00BD702D /* Debug */,
				F874C60C1C8AF72C00BD702D /* Release */,
			);
			defaultConfigurationIsVisible = 0;
			defaultConfigurationName = Release;
		};
/* End XCConfigurationList section */
	};
	rootObject = F874C5EB1C8AF72C00BD702D /* Project object */;
}
